
Microsoft Visual Studio Solution File, Format Version 12.00
# Visual Studio Version 17
VisualStudioVersion = 17.0.31903.59
MinimumVisualStudioVersion = 10.0.40219.1
Project("{2150E333-8FDC-42A3-9474-1A3956D46DE8}") = "src", "src", "{827E0CD3-B72D-47B6-A68D-7590B98EB39B}"
EndProject
Project("{FAE04EC0-301F-11D3-BF4B-00C04F79EFBC}") = "DataverseProxyGenerator.Tool", "src\DataverseProxyGenerator.Tool\DataverseProxyGenerator.Tool.csproj", "{D7836DC5-BFA9-4FD4-85F1-FE43ADBAE86F}"
EndProject
Project("{FAE04EC0-301F-11D3-BF4B-00C04F79EFBC}") = "DataverseProxyGenerator.Core", "src\DataverseProxyGenerator.Core\DataverseProxyGenerator.Core.csproj", "{05C25255-F4FC-42D4-9D59-7B9E7F1936EF}"
EndProject
Project("{2150E333-8FDC-42A3-9474-1A3956D46DE8}") = "tests", "tests", "{0AB3BF05-4346-4AA6-1389-037BE0695223}"
EndProject
Project("{FAE04EC0-301F-11D3-BF4B-00C04F79EFBC}") = "DataverseProxyGenerator.Tests", "tests\DataverseProxyGenerator.Tests\DataverseProxyGenerator.Tests.csproj", "{D3956800-52A8-42CB-9543-1B76E8C29C07}"
EndProject
Global
	GlobalSection(SolutionConfigurationPlatforms) = preSolution
		Debug|Any CPU = Debug|Any CPU
		Debug|x64 = Debug|x64
		Debug|x86 = Debug|x86
		Release|Any CPU = Release|Any CPU
		Release|x64 = Release|x64
		Release|x86 = Release|x86
	EndGlobalSection
	GlobalSection(ProjectConfigurationPlatforms) = postSolution
		{D7836DC5-BFA9-4FD4-85F1-FE43ADBAE86F}.Debug|Any CPU.ActiveCfg = Debug|Any CPU
		{D7836DC5-BFA9-4FD4-85F1-FE43ADBAE86F}.Debug|Any CPU.Build.0 = Debug|Any CPU
		{D7836DC5-BFA9-4FD4-85F1-FE43ADBAE86F}.Debug|x64.ActiveCfg = Debug|Any CPU
		{D7836DC5-BFA9-4FD4-85F1-FE43ADBAE86F}.Debug|x64.Build.0 = Debug|Any CPU
		{D7836DC5-BFA9-4FD4-85F1-FE43ADBAE86F}.Debug|x86.ActiveCfg = Debug|Any CPU
		{D7836DC5-BFA9-4FD4-85F1-FE43ADBAE86F}.Debug|x86.Build.0 = Debug|Any CPU
		{D7836DC5-BFA9-4FD4-85F1-FE43ADBAE86F}.Release|Any CPU.ActiveCfg = Release|Any CPU
		{D7836DC5-BFA9-4FD4-85F1-FE43ADBAE86F}.Release|Any CPU.Build.0 = Release|Any CPU
		{D7836DC5-BFA9-4FD4-85F1-FE43ADBAE86F}.Release|x64.ActiveCfg = Release|Any CPU
		{D7836DC5-BFA9-4FD4-85F1-FE43ADBAE86F}.Release|x64.Build.0 = Release|Any CPU
		{D7836DC5-BFA9-4FD4-85F1-FE43ADBAE86F}.Release|x86.ActiveCfg = Release|Any CPU
		{D7836DC5-BFA9-4FD4-85F1-FE43ADBAE86F}.Release|x86.Build.0 = Release|Any CPU
		{05C25255-F4FC-42D4-9D59-7B9E7F1936EF}.Debug|Any CPU.ActiveCfg = Debug|Any CPU
		{05C25255-F4FC-42D4-9D59-7B9E7F1936EF}.Debug|Any CPU.Build.0 = Debug|Any CPU
		{05C25255-F4FC-42D4-9D59-7B9E7F1936EF}.Debug|x64.ActiveCfg = Debug|Any CPU
		{05C25255-F4FC-42D4-9D59-7B9E7F1936EF}.Debug|x64.Build.0 = Debug|Any CPU
		{05C25255-F4FC-42D4-9D59-7B9E7F1936EF}.Debug|x86.ActiveCfg = Debug|Any CPU
		{05C25255-F4FC-42D4-9D59-7B9E7F1936EF}.Debug|x86.Build.0 = Debug|Any CPU
		{05C25255-F4FC-42D4-9D59-7B9E7F1936EF}.Release|Any CPU.ActiveCfg = Release|Any CPU
		{05C25255-F4FC-42D4-9D59-7B9E7F1936EF}.Release|Any CPU.Build.0 = Release|Any CPU
		{05C25255-F4FC-42D4-9D59-7B9E7F1936EF}.Release|x64.ActiveCfg = Release|Any CPU
		{05C25255-F4FC-42D4-9D59-7B9E7F1936EF}.Release|x64.Build.0 = Release|Any CPU
		{05C25255-F4FC-42D4-9D59-7B9E7F1936EF}.Release|x86.ActiveCfg = Release|Any CPU
		{05C25255-F4FC-42D4-9D59-7B9E7F1936EF}.Release|x86.Build.0 = Release|Any CPU
		{D3956800-52A8-42CB-9543-1B76E8C29C07}.Debug|Any CPU.ActiveCfg = Debug|Any CPU
		{D3956800-52A8-42CB-9543-1B76E8C29C07}.Debug|Any CPU.Build.0 = Debug|Any CPU
		{D3956800-52A8-42CB-9543-1B76E8C29C07}.Debug|x64.ActiveCfg = Debug|Any CPU
		{D3956800-52A8-42CB-9543-1B76E8C29C07}.Debug|x64.Build.0 = Debug|Any CPU
		{D3956800-52A8-42CB-9543-1B76E8C29C07}.Debug|x86.ActiveCfg = Debug|Any CPU
		{D3956800-52A8-42CB-9543-1B76E8C29C07}.Debug|x86.Build.0 = Debug|Any CPU
		{D3956800-52A8-42CB-9543-1B76E8C29C07}.Release|Any CPU.ActiveCfg = Release|Any CPU
		{D3956800-52A8-42CB-9543-1B76E8C29C07}.Release|Any CPU.Build.0 = Release|Any CPU
		{D3956800-52A8-42CB-9543-1B76E8C29C07}.Release|x64.ActiveCfg = Release|Any CPU
		{D3956800-52A8-42CB-9543-1B76E8C29C07}.Release|x64.Build.0 = Release|Any CPU
		{D3956800-52A8-42CB-9543-1B76E8C29C07}.Release|x86.ActiveCfg = Release|Any CPU
		{D3956800-52A8-42CB-9543-1B76E8C29C07}.Release|x86.Build.0 = Release|Any CPU
	EndGlobalSection
	GlobalSection(SolutionProperties) = preSolution
		HideSolutionNode = FALSE
	EndGlobalSection
	GlobalSection(NestedProjects) = preSolution
		{D7836DC5-BFA9-4FD4-85F1-FE43ADBAE86F} = {827E0CD3-B72D-47B6-A68D-7590B98EB39B}
		{05C25255-F4FC-42D4-9D59-7B9E7F1936EF} = {827E0CD3-B72D-47B6-A68D-7590B98EB39B}
		{D3956800-52A8-42CB-9543-1B76E8C29C07} = {0AB3BF05-4346-4AA6-1389-037BE0695223}
	EndGlobalSection
EndGlobal
